
Microsoft Visual Studio Solution File, Format Version 12.00
# Visual Studio Version 16
VisualStudioVersion = 16.0.32630.194
MinimumVisualStudioVersion = 10.0.40219.1
Project("{FAE04EC0-301F-11D3-BF4B-00C04F79EFBC}") = "Rock Paper Scissors", "Rock Paper Scissors\Rock Paper Scissors.csproj", "{B8852693-F0F9-43A7-90F8-B9F8B841CA93}"
EndProject
Global
	GlobalSection(SolutionConfigurationPlatforms) = preSolution
		Debug|Any CPU = Debug|Any CPU
		Release|Any CPU = Release|Any CPU
	EndGlobalSection
	GlobalSection(ProjectConfigurationPlatforms) = postSolution
		{B8852693-F0F9-43A7-90F8-B9F8B841CA93}.Debug|Any CPU.ActiveCfg = Debug|Any CPU
		{B8852693-F0F9-43A7-90F8-B9F8B841CA93}.Debug|Any CPU.Build.0 = Debug|Any CPU
		{B8852693-F0F9-43A7-90F8-B9F8B841CA93}.Release|Any CPU.ActiveCfg = Release|Any CPU
		{B8852693-F0F9-43A7-90F8-B9F8B841CA93}.Release|Any CPU.Build.0 = Release|Any CPU
	EndGlobalSection
	GlobalSection(SolutionProperties) = preSolution
		HideSolutionNode = FALSE
	EndGlobalSection
	GlobalSection(ExtensibilityGlobals) = postSolution
		SolutionGuid = {F69C7490-5955-4481-95F0-D28F6A49BCB8}
	EndGlobalSection
EndGlobal
